
Microsoft Visual Studio Solution File, Format Version 12.00
# Visual Studio Version 16
VisualStudioVersion = 16.0.31321.278
MinimumVisualStudioVersion = 10.0.40219.1
Project("{9A19103F-16F7-4668-BE54-9A1E7A4F7556}") = "lexicographic_permutations_test", "lexicographic_permutations_test\lexicographic_permutations_test.csproj", "{F5DBE3B9-242D-480A-AC21-3CA20FC79DD7}"
EndProject
Project("{9A19103F-16F7-4668-BE54-9A1E7A4F7556}") = "lexicographic_permutations", "..\lexicographic_permutations\lexicographic_permutations\lexicographic_permutations.csproj", "{1D9D6E2D-634F-4B54-AA90-6B7EDCBC1547}"
EndProject
Global
	GlobalSection(SolutionConfigurationPlatforms) = preSolution
		Debug|Any CPU = Debug|Any CPU
		Release|Any CPU = Release|Any CPU
	EndGlobalSection
	GlobalSection(ProjectConfigurationPlatforms) = postSolution
		{F5DBE3B9-242D-480A-AC21-3CA20FC79DD7}.Debug|Any CPU.ActiveCfg = Debug|Any CPU
		{F5DBE3B9-242D-480A-AC21-3CA20FC79DD7}.Debug|Any CPU.Build.0 = Debug|Any CPU
		{F5DBE3B9-242D-480A-AC21-3CA20FC79DD7}.Release|Any CPU.ActiveCfg = Release|Any CPU
		{F5DBE3B9-242D-480A-AC21-3CA20FC79DD7}.Release|Any CPU.Build.0 = Release|Any CPU
		{1D9D6E2D-634F-4B54-AA90-6B7EDCBC1547}.Debug|Any CPU.ActiveCfg = Debug|Any CPU
		{1D9D6E2D-634F-4B54-AA90-6B7EDCBC1547}.Debug|Any CPU.Build.0 = Debug|Any CPU
		{1D9D6E2D-634F-4B54-AA90-6B7EDCBC1547}.Release|Any CPU.ActiveCfg = Release|Any CPU
		{1D9D6E2D-634F-4B54-AA90-6B7EDCBC1547}.Release|Any CPU.Build.0 = Release|Any CPU
	EndGlobalSection
	GlobalSection(SolutionProperties) = preSolution
		HideSolutionNode = FALSE
	EndGlobalSection
	GlobalSection(ExtensibilityGlobals) = postSolution
		SolutionGuid = {56397A5E-7402-498E-AD6F-B31EC508FE25}
	EndGlobalSection
EndGlobal
